
Microsoft Visual Studio Solution File, Format Version 9.00
# Visual Studio 2005
Project("{FAE04EC0-301F-11D3-BF4B-00C04F79EFBC}") = "thread_synchronization", "thread_synchronization\thread_synchronization.csproj", "{966B6C4F-8686-4BDB-852F-AA4EF587FDA3}"
EndProject
Global
	GlobalSection(SolutionConfigurationPlatforms) = preSolution
		Debug|Any CPU = Debug|Any CPU
		Release|Any CPU = Release|Any CPU
	EndGlobalSection
	GlobalSection(ProjectConfigurationPlatforms) = postSolution
		{966B6C4F-8686-4BDB-852F-AA4EF587FDA3}.Debug|Any CPU.ActiveCfg = Debug|Any CPU
		{966B6C4F-8686-4BDB-852F-AA4EF587FDA3}.Debug|Any CPU.Build.0 = Debug|Any CPU
		{966B6C4F-8686-4BDB-852F-AA4EF587FDA3}.Release|Any CPU.ActiveCfg = Release|Any CPU
		{966B6C4F-8686-4BDB-852F-AA4EF587FDA3}.Release|Any CPU.Build.0 = Release|Any CPU
	EndGlobalSection
	GlobalSection(SolutionProperties) = preSolution
		HideSolutionNode = FALSE
	EndGlobalSection
EndGlobal
